
Microsoft Visual Studio Solution File, Format Version 12.00
# Visual Studio Version 16
VisualStudioVersion = 16.0.31613.86
MinimumVisualStudioVersion = 10.0.40219.1
Project("{FAE04EC0-301F-11D3-BF4B-00C04F79EFBC}") = "DictionaryApp", "DictionaryApp\DictionaryApp.csproj", "{D541352D-5F00-4842-B850-C54203321CAE}"
EndProject
Global
	GlobalSection(SolutionConfigurationPlatforms) = preSolution
		Debug|Any CPU = Debug|Any CPU
		Release|Any CPU = Release|Any CPU
	EndGlobalSection
	GlobalSection(ProjectConfigurationPlatforms) = postSolution
		{D541352D-5F00-4842-B850-C54203321CAE}.Debug|Any CPU.ActiveCfg = Debug|Any CPU
		{D541352D-5F00-4842-B850-C54203321CAE}.Debug|Any CPU.Build.0 = Debug|Any CPU
		{D541352D-5F00-4842-B850-C54203321CAE}.Release|Any CPU.ActiveCfg = Release|Any CPU
		{D541352D-5F00-4842-B850-C54203321CAE}.Release|Any CPU.Build.0 = Release|Any CPU
	EndGlobalSection
	GlobalSection(SolutionProperties) = preSolution
		HideSolutionNode = FALSE
	EndGlobalSection
	GlobalSection(ExtensibilityGlobals) = postSolution
		SolutionGuid = {F4A8EDB5-BEFD-449F-A11B-4D3257EA3223}
	EndGlobalSection
EndGlobal
